// !$*UTF8*$!
{
	archiveVersion = 1;
	classes = {
	};
	objectVersion = 56;
	objects = {

/* Begin PBXBuildFile section */
		12ADC1BE2B950777005D93AF /* AppDelegate.swift in Sources */ = {isa = PBXBuildFile; fileRef = 12ADC1BD2B950777005D93AF /* AppDelegate.swift */; };
		12ADC1C02B950777005D93AF /* SceneDelegate.swift in Sources */ = {isa = PBXBuildFile; fileRef = 12ADC1BF2B950777005D93AF /* SceneDelegate.swift */; };
		12ADC1C22B950777005D93AF /* ViewController.swift in Sources */ = {isa = PBXBuildFile; fileRef = 12ADC1C12B950777005D93AF /* ViewController.swift */; };
		12ADC1C52B950777005D93AF /* Main.storyboard in Resources */ = {isa = PBXBuildFile; fileRef = 12ADC1C32B950777005D93AF /* Main.storyboard */; };
		12ADC1C72B950778005D93AF /* Assets.xcassets in Resources */ = {isa = PBXBuildFile; fileRef = 12ADC1C62B950778005D93AF /* Assets.xcassets */; };
		12ADC1CA2B950778005D93AF /* LaunchScreen.storyboard in Resources */ = {isa = PBXBuildFile; fileRef = 12ADC1C82B950778005D93AF /* LaunchScreen.storyboard */; };
		12ADC1D52B950778005D93AF /* tennis_leagueTests.swift in Sources */ = {isa = PBXBuildFile; fileRef = 12ADC1D42B950778005D93AF /* tennis_leagueTests.swift */; };
		12ADC1DF2B950778005D93AF /* tennis_leagueUITests.swift in Sources */ = {isa = PBXBuildFile; fileRef = 12ADC1DE2B950778005D93AF /* tennis_leagueUITests.swift */; };
		12ADC1E12B950778005D93AF /* tennis_leagueUITestsLaunchTests.swift in Sources */ = {isa = PBXBuildFile; fileRef = 12ADC1E02B950778005D93AF /* tennis_leagueUITestsLaunchTests.swift */; };
/* End PBXBuildFile section */

/* Begin PBXContainerItemProxy section */
		12ADC1D12B950778005D93AF /* PBXContainerItemProxy */ = {
			isa = PBXContainerItemProxy;
			containerPortal = 12ADC1B22B950777005D93AF /* Project object */;
			proxyType = 1;
			remoteGlobalIDString = 12ADC1B92B950777005D93AF;
			remoteInfo = "tennis-league";
		};
		12ADC1DB2B950778005D93AF /* PBXContainerItemProxy */ = {
			isa = PBXContainerItemProxy;
			containerPortal = 12ADC1B22B950777005D93AF /* Project object */;
			proxyType = 1;
			remoteGlobalIDString = 12ADC1B92B950777005D93AF;
			remoteInfo = "tennis-league";
		};
/* End PBXContainerItemProxy section */

/* Begin PBXFileReference section */
		12ADC1BA2B950777005D93AF /* tennis-league.app */ = {isa = PBXFileReference; explicitFileType = wrapper.application; includeInIndex = 0; path = "tennis-league.app"; sourceTree = BUILT_PRODUCTS_DIR; };
		12ADC1BD2B950777005D93AF /* AppDelegate.swift */ = {isa = PBXFileReference; lastKnownFileType = sourcecode.swift; path = AppDelegate.swift; sourceTree = "<group>"; };
		12ADC1BF2B950777005D93AF /* SceneDelegate.swift */ = {isa = PBXFileReference; lastKnownFileType = sourcecode.swift; path = SceneDelegate.swift; sourceTree = "<group>"; };
		12ADC1C12B950777005D93AF /* ViewController.swift */ = {isa = PBXFileReference; lastKnownFileType = sourcecode.swift; path = ViewController.swift; sourceTree = "<group>"; };
		12ADC1C42B950777005D93AF /* Base */ = {isa = PBXFileReference; lastKnownFileType = file.storyboard; name = Base; path = Base.lproj/Main.storyboard; sourceTree = "<group>"; };
		12ADC1C62B950778005D93AF /* Assets.xcassets */ = {isa = PBXFileReference; lastKnownFileType = folder.assetcatalog; path = Assets.xcassets; sourceTree = "<group>"; };
		12ADC1C92B950778005D93AF /* Base */ = {isa = PBXFileReference; lastKnownFileType = file.storyboard; name = Base; path = Base.lproj/LaunchScreen.storyboard; sourceTree = "<group>"; };
		12ADC1CB2B950778005D93AF /* Info.plist */ = {isa = PBXFileReference; lastKnownFileType = text.plist.xml; path = Info.plist; sourceTree = "<group>"; };
		12ADC1D02B950778005D93AF /* tennis-leagueTests.xctest */ = {isa = PBXFileReference; explicitFileType = wrapper.cfbundle; includeInIndex = 0; path = "tennis-leagueTests.xctest"; sourceTree = BUILT_PRODUCTS_DIR; };
		12ADC1D42B950778005D93AF /* tennis_leagueTests.swift */ = {isa = PBXFileReference; lastKnownFileType = sourcecode.swift; path = tennis_leagueTests.swift; sourceTree = "<group>"; };
		12ADC1DA2B950778005D93AF /* tennis-leagueUITests.xctest */ = {isa = PBXFileReference; explicitFileType = wrapper.cfbundle; includeInIndex = 0; path = "tennis-leagueUITests.xctest"; sourceTree = BUILT_PRODUCTS_DIR; };
		12ADC1DE2B950778005D93AF /* tennis_leagueUITests.swift */ = {isa = PBXFileReference; lastKnownFileType = sourcecode.swift; path = tennis_leagueUITests.swift; sourceTree = "<group>"; };
		12ADC1E02B950778005D93AF /* tennis_leagueUITestsLaunchTests.swift */ = {isa = PBXFileReference; lastKnownFileType = sourcecode.swift; path = tennis_leagueUITestsLaunchTests.swift; sourceTree = "<group>"; };
/* End PBXFileReference section */

/* Begin PBXFrameworksBuildPhase section */
		12ADC1B72B950777005D93AF /* Frameworks */ = {
			isa = PBXFrameworksBuildPhase;
			buildActionMask = 2147483647;
			files = (
			);
			runOnlyForDeploymentPostprocessing = 0;
		};
		12ADC1CD2B950778005D93AF /* Frameworks */ = {
			isa = PBXFrameworksBuildPhase;
			buildActionMask = 2147483647;
			files = (
			);
			runOnlyForDeploymentPostprocessing = 0;
		};
		12ADC1D72B950778005D93AF /* Frameworks */ = {
			isa = PBXFrameworksBuildPhase;
			buildActionMask = 2147483647;
			files = (
			);
			runOnlyForDeploymentPostprocessing = 0;
		};
/* End PBXFrameworksBuildPhase section */

/* Begin PBXGroup section */
		12ADC1B12B950777005D93AF = {
			isa = PBXGroup;
			children = (
				12ADC1BC2B950777005D93AF /* tennis-league */,
				12ADC1D32B950778005D93AF /* tennis-leagueTests */,
				12ADC1DD2B950778005D93AF /* tennis-leagueUITests */,
				12ADC1BB2B950777005D93AF /* Products */,
			);
			sourceTree = "<group>";
		};
		12ADC1BB2B950777005D93AF /* Products */ = {
			isa = PBXGroup;
			children = (
				12ADC1BA2B950777005D93AF /* tennis-league.app */,
				12ADC1D02B950778005D93AF /* tennis-leagueTests.xctest */,
				12ADC1DA2B950778005D93AF /* tennis-leagueUITests.xctest */,
			);
			name = Products;
			sourceTree = "<group>";
		};
		12ADC1BC2B950777005D93AF /* tennis-league */ = {
			isa = PBXGroup;
			children = (
				12ADC1BD2B950777005D93AF /* AppDelegate.swift */,
				12ADC1BF2B950777005D93AF /* SceneDelegate.swift */,
				12ADC1C12B950777005D93AF /* ViewController.swift */,
				12ADC1C32B950777005D93AF /* Main.storyboard */,
				12ADC1C62B950778005D93AF /* Assets.xcassets */,
				12ADC1C82B950778005D93AF /* LaunchScreen.storyboard */,
				12ADC1CB2B950778005D93AF /* Info.plist */,
			);
			path = "tennis-league";
			sourceTree = "<group>";
		};
		12ADC1D32B950778005D93AF /* tennis-leagueTests */ = {
			isa = PBXGroup;
			children = (
				12ADC1D42B950778005D93AF /* tennis_leagueTests.swift */,
			);
			path = "tennis-leagueTests";
			sourceTree = "<group>";
		};
		12ADC1DD2B950778005D93AF /* tennis-leagueUITests */ = {
			isa = PBXGroup;
			children = (
				12ADC1DE2B950778005D93AF /* tennis_leagueUITests.swift */,
				12ADC1E02B950778005D93AF /* tennis_leagueUITestsLaunchTests.swift */,
			);
			path = "tennis-leagueUITests";
			sourceTree = "<group>";
		};
/* End PBXGroup section */

/* Begin PBXNativeTarget section */
		12ADC1B92B950777005D93AF /* tennis-league */ = {
			isa = PBXNativeTarget;
			buildConfigurationList = 12ADC1E42B950778005D93AF /* Build configuration list for PBXNativeTarget "tennis-league" */;
			buildPhases = (
				12ADC1B62B950777005D93AF /* Sources */,
				12ADC1B72B950777005D93AF /* Frameworks */,
				12ADC1B82B950777005D93AF /* Resources */,
			);
			buildRules = (
			);
			dependencies = (
			);
			name = "tennis-league";
			productName = "tennis-league";
			productReference = 12ADC1BA2B950777005D93AF /* tennis-league.app */;
			productType = "com.apple.product-type.application";
		};
		12ADC1CF2B950778005D93AF /* tennis-leagueTests */ = {
			isa = PBXNativeTarget;
			buildConfigurationList = 12ADC1E72B950778005D93AF /* Build configuration list for PBXNativeTarget "tennis-leagueTests" */;
			buildPhases = (
				12ADC1CC2B950778005D93AF /* Sources */,
				12ADC1CD2B950778005D93AF /* Frameworks */,
				12ADC1CE2B950778005D93AF /* Resources */,
			);
			buildRules = (
			);
			dependencies = (
				12ADC1D22B950778005D93AF /* PBXTargetDependency */,
			);
			name = "tennis-leagueTests";
			productName = "tennis-leagueTests";
			productReference = 12ADC1D02B950778005D93AF /* tennis-leagueTests.xctest */;
			productType = "com.apple.product-type.bundle.unit-test";
		};
		12ADC1D92B950778005D93AF /* tennis-leagueUITests */ = {
			isa = PBXNativeTarget;
			buildConfigurationList = 12ADC1EA2B950778005D93AF /* Build configuration list for PBXNativeTarget "tennis-leagueUITests" */;
			buildPhases = (
				12ADC1D62B950778005D93AF /* Sources */,
				12ADC1D72B950778005D93AF /* Frameworks */,
				12ADC1D82B950778005D93AF /* Resources */,
			);
			buildRules = (
			);
			dependencies = (
				12ADC1DC2B950778005D93AF /* PBXTargetDependency */,
			);
			name = "tennis-leagueUITests";
			productName = "tennis-leagueUITests";
			productReference = 12ADC1DA2B950778005D93AF /* tennis-leagueUITests.xctest */;
			productType = "com.apple.product-type.bundle.ui-testing";
		};
/* End PBXNativeTarget section */

/* Begin PBXProject section */
		12ADC1B22B950777005D93AF /* Project object */ = {
			isa = PBXProject;
			attributes = {
				BuildIndependentTargetsInParallel = 1;
				LastSwiftUpdateCheck = 1430;
				LastUpgradeCheck = 1430;
				TargetAttributes = {
					12ADC1B92B950777005D93AF = {
						CreatedOnToolsVersion = 14.3.1;
					};
					12ADC1CF2B950778005D93AF = {
						CreatedOnToolsVersion = 14.3.1;
						TestTargetID = 12ADC1B92B950777005D93AF;
					};
					12ADC1D92B950778005D93AF = {
						CreatedOnToolsVersion = 14.3.1;
						TestTargetID = 12ADC1B92B950777005D93AF;
					};
				};
			};
			buildConfigurationList = 12ADC1B52B950777005D93AF /* Build configuration list for PBXProject "tennis-league" */;
			compatibilityVersion = "Xcode 14.0";
			developmentRegion = en;
			hasScannedForEncodings = 0;
			knownRegions = (
				en,
				Base,
			);
			mainGroup = 12ADC1B12B950777005D93AF;
			productRefGroup = 12ADC1BB2B950777005D93AF /* Products */;
			projectDirPath = "";
			projectRoot = "";
			targets = (
				12ADC1B92B950777005D93AF /* tennis-league */,
				12ADC1CF2B950778005D93AF /* tennis-leagueTests */,
				12ADC1D92B950778005D93AF /* tennis-leagueUITests */,
			);
		};
/* End PBXProject section */

/* Begin PBXResourcesBuildPhase section */
		12ADC1B82B950777005D93AF /* Resources */ = {
			isa = PBXResourcesBuildPhase;
			buildActionMask = 2147483647;
			files = (
				12ADC1CA2B950778005D93AF /* LaunchScreen.storyboard in Resources */,
				12ADC1C72B950778005D93AF /* Assets.xcassets in Resources */,
				12ADC1C52B950777005D93AF /* Main.storyboard in Resources */,
			);
			runOnlyForDeploymentPostprocessing = 0;
		};
		12ADC1CE2B950778005D93AF /* Resources */ = {
			isa = PBXResourcesBuildPhase;
			buildActionMask = 2147483647;
			files = (
			);
			runOnlyForDeploymentPostprocessing = 0;
		};
		12ADC1D82B950778005D93AF /* Resources */ = {
			isa = PBXResourcesBuildPhase;
			buildActionMask = 2147483647;
			files = (
			);
			runOnlyForDeploymentPostprocessing = 0;
		};
/* End PBXResourcesBuildPhase section */

/* Begin PBXSourcesBuildPhase section */
		12ADC1B62B950777005D93AF /* Sources */ = {
			isa = PBXSourcesBuildPhase;
			buildActionMask = 2147483647;
			files = (
				12ADC1C22B950777005D93AF /* ViewController.swift in Sources */,
				12ADC1BE2B950777005D93AF /* AppDelegate.swift in Sources */,
				12ADC1C02B950777005D93AF /* SceneDelegate.swift in Sources */,
			);
			runOnlyForDeploymentPostprocessing = 0;
		};
		12ADC1CC2B950778005D93AF /* Sources */ = {
			isa = PBXSourcesBuildPhase;
			buildActionMask = 2147483647;
			files = (
				12ADC1D52B950778005D93AF /* tennis_leagueTests.swift in Sources */,
			);
			runOnlyForDeploymentPostprocessing = 0;
		};
		12ADC1D62B950778005D93AF /* Sources */ = {
			isa = PBXSourcesBuildPhase;
			buildActionMask = 2147483647;
			files = (
				12ADC1E12B950778005D93AF /* tennis_leagueUITestsLaunchTests.swift in Sources */,
				12ADC1DF2B950778005D93AF /* tennis_leagueUITests.swift in Sources */,
			);
			runOnlyForDeploymentPostprocessing = 0;
		};
/* End PBXSourcesBuildPhase section */

/* Begin PBXTargetDependency section */
		12ADC1D22B950778005D93AF /* PBXTargetDependency */ = {
			isa = PBXTargetDependency;
			target = 12ADC1B92B950777005D93AF /* tennis-league */;
			targetProxy = 12ADC1D12B950778005D93AF /* PBXContainerItemProxy */;
		};
		12ADC1DC2B950778005D93AF /* PBXTargetDependency */ = {
			isa = PBXTargetDependency;
			target = 12ADC1B92B950777005D93AF /* tennis-league */;
			targetProxy = 12ADC1DB2B950778005D93AF /* PBXContainerItemProxy */;
		};
/* End PBXTargetDependency section */

/* Begin PBXVariantGroup section */
		12ADC1C32B950777005D93AF /* Main.storyboard */ = {
			isa = PBXVariantGroup;
			children = (
				12ADC1C42B950777005D93AF /* Base */,
			);
			name = Main.storyboard;
			sourceTree = "<group>";
		};
		12ADC1C82B950778005D93AF /* LaunchScreen.storyboard */ = {
			isa = PBXVariantGroup;
			children = (
				12ADC1C92B950778005D93AF /* Base */,
			);
			name = LaunchScreen.storyboard;
			sourceTree = "<group>";
		};
/* End PBXVariantGroup section */

/* Begin XCBuildConfiguration section */
		12ADC1E22B950778005D93AF /* Debug */ = {
			isa = XCBuildConfiguration;
			buildSettings = {
				ALWAYS_SEARCH_USER_PATHS = NO;
				CLANG_ANALYZER_NONNULL = YES;
				CLANG_ANALYZER_NUMBER_OBJECT_CONVERSION = YES_AGGRESSIVE;
				CLANG_CXX_LANGUAGE_STANDARD = "gnu++20";
				CLANG_ENABLE_MODULES = YES;
				CLANG_ENABLE_OBJC_ARC = YES;
				CLANG_ENABLE_OBJC_WEAK = YES;
				CLANG_WARN_BLOCK_CAPTURE_AUTORELEASING = YES;
				CLANG_WARN_BOOL_CONVERSION = YES;
				CLANG_WARN_COMMA = YES;
				CLANG_WARN_CONSTANT_CONVERSION = YES;
				CLANG_WARN_DEPRECATED_OBJC_IMPLEMENTATIONS = YES;
				CLANG_WARN_DIRECT_OBJC_ISA_USAGE = YES_ERROR;
				CLANG_WARN_DOCUMENTATION_COMMENTS = YES;
				CLANG_WARN_EMPTY_BODY = YES;
				CLANG_WARN_ENUM_CONVERSION = YES;
				CLANG_WARN_INFINITE_RECURSION = YES;
				CLANG_WARN_INT_CONVERSION = YES;
				CLANG_WARN_NON_LITERAL_NULL_CONVERSION = YES;
				CLANG_WARN_OBJC_IMPLICIT_RETAIN_SELF = YES;
				CLANG_WARN_OBJC_LITERAL_CONVERSION = YES;
				CLANG_WARN_OBJC_ROOT_CLASS = YES_ERROR;
				CLANG_WARN_QUOTED_INCLUDE_IN_FRAMEWORK_HEADER = YES;
				CLANG_WARN_RANGE_LOOP_ANALYSIS = YES;
				CLANG_WARN_STRICT_PROTOTYPES = YES;
				CLANG_WARN_SUSPICIOUS_MOVE = YES;
				CLANG_WARN_UNGUARDED_AVAILABILITY = YES_AGGRESSIVE;
				CLANG_WARN_UNREACHABLE_CODE = YES;
				CLANG_WARN__DUPLICATE_METHOD_MATCH = YES;
				COPY_PHASE_STRIP = NO;
				DEBUG_INFORMATION_FORMAT = dwarf;
				ENABLE_STRICT_OBJC_MSGSEND = YES;
				ENABLE_TESTABILITY = YES;
				GCC_C_LANGUAGE_STANDARD = gnu11;
				GCC_DYNAMIC_NO_PIC = NO;
				GCC_NO_COMMON_BLOCKS = YES;
				GCC_OPTIMIZATION_LEVEL = 0;
				GCC_PREPROCESSOR_DEFINITIONS = (
					"DEBUG=1",
					"$(inherited)",
				);
				GCC_WARN_64_TO_32_BIT_CONVERSION = YES;
				GCC_WARN_ABOUT_RETURN_TYPE = YES_ERROR;
				GCC_WARN_UNDECLARED_SELECTOR = YES;
				GCC_WARN_UNINITIALIZED_AUTOS = YES_AGGRESSIVE;
				GCC_WARN_UNUSED_FUNCTION = YES;
				GCC_WARN_UNUSED_VARIABLE = YES;
				IPHONEOS_DEPLOYMENT_TARGET = 16.4;
				MTL_ENABLE_DEBUG_INFO = INCLUDE_SOURCE;
				MTL_FAST_MATH = YES;
				ONLY_ACTIVE_ARCH = YES;
				SDKROOT = iphoneos;
				SWIFT_ACTIVE_COMPILATION_CONDITIONS = DEBUG;
				SWIFT_OPTIMIZATION_LEVEL = "-Onone";
			};
			name = Debug;
		};
		12ADC1E32B950778005D93AF /* Release */ = {
			isa = XCBuildConfiguration;
			buildSettings = {
				ALWAYS_SEARCH_USER_PATHS = NO;
				CLANG_ANALYZER_NONNULL = YES;
				CLANG_ANALYZER_NUMBER_OBJECT_CONVERSION = YES_AGGRESSIVE;
				CLANG_CXX_LANGUAGE_STANDARD = "gnu++20";
				CLANG_ENABLE_MODULES = YES;
				CLANG_ENABLE_OBJC_ARC = YES;
				CLANG_ENABLE_OBJC_WEAK = YES;
				CLANG_WARN_BLOCK_CAPTURE_AUTORELEASING = YES;
				CLANG_WARN_BOOL_CONVERSION = YES;
				CLANG_WARN_COMMA = YES;
				CLANG_WARN_CONSTANT_CONVERSION = YES;
				CLANG_WARN_DEPRECATED_OBJC_IMPLEMENTATIONS = YES;
				CLANG_WARN_DIRECT_OBJC_ISA_USAGE = YES_ERROR;
				CLANG_WARN_DOCUMENTATION_COMMENTS = YES;
				CLANG_WARN_EMPTY_BODY = YES;
				CLANG_WARN_ENUM_CONVERSION = YES;
				CLANG_WARN_INFINITE_RECURSION = YES;
				CLANG_WARN_INT_CONVERSION = YES;
				CLANG_WARN_NON_LITERAL_NULL_CONVERSION = YES;
				CLANG_WARN_OBJC_IMPLICIT_RETAIN_SELF = YES;
				CLANG_WARN_OBJC_LITERAL_CONVERSION = YES;
				CLANG_WARN_OBJC_ROOT_CLASS = YES_ERROR;
				CLANG_WARN_QUOTED_INCLUDE_IN_FRAMEWORK_HEADER = YES;
				CLANG_WARN_RANGE_LOOP_ANALYSIS = YES;
				CLANG_WARN_STRICT_PROTOTYPES = YES;
				CLANG_WARN_SUSPICIOUS_MOVE = YES;
				CLANG_WARN_UNGUARDED_AVAILABILITY = YES_AGGRESSIVE;
				CLANG_WARN_UNREACHABLE_CODE = YES;
				CLANG_WARN__DUPLICATE_METHOD_MATCH = YES;
				COPY_PHASE_STRIP = NO;
				DEBUG_INFORMATION_FORMAT = "dwarf-with-dsym";
				ENABLE_NS_ASSERTIONS = NO;
				ENABLE_STRICT_OBJC_MSGSEND = YES;
				GCC_C_LANGUAGE_STANDARD = gnu11;
				GCC_NO_COMMON_BLOCKS = YES;
				GCC_WARN_64_TO_32_BIT_CONVERSION = YES;
				GCC_WARN_ABOUT_RETURN_TYPE = YES_ERROR;
				GCC_WARN_UNDECLARED_SELECTOR = YES;
				GCC_WARN_UNINITIALIZED_AUTOS = YES_AGGRESSIVE;
				GCC_WARN_UNUSED_FUNCTION = YES;
				GCC_WARN_UNUSED_VARIABLE = YES;
				IPHONEOS_DEPLOYMENT_TARGET = 16.4;
				MTL_ENABLE_DEBUG_INFO = NO;
				MTL_FAST_MATH = YES;
				SDKROOT = iphoneos;
				SWIFT_COMPILATION_MODE = wholemodule;
				SWIFT_OPTIMIZATION_LEVEL = "-O";
				VALIDATE_PRODUCT = YES;
			};
			name = Release;
		};
		12ADC1E52B950778005D93AF /* Debug */ = {
			isa = XCBuildConfiguration;
			buildSettings = {
				ASSETCATALOG_COMPILER_APPICON_NAME = AppIcon;
				ASSETCATALOG_COMPILER_GLOBAL_ACCENT_COLOR_NAME = AccentColor;
				CODE_SIGN_STYLE = Automatic;
				CURRENT_PROJECT_VERSION = 1;
				DEVELOPMENT_TEAM = ALF79554Y6;
				GENERATE_INFOPLIST_FILE = YES;
				INFOPLIST_FILE = "tennis-league/Info.plist";
				INFOPLIST_KEY_UIApplicationSupportsIndirectInputEvents = YES;
				INFOPLIST_KEY_UILaunchStoryboardName = LaunchScreen;
				INFOPLIST_KEY_UIMainStoryboardFile = Main;
				INFOPLIST_KEY_UISupportedInterfaceOrientations_iPad = "UIInterfaceOrientationPortrait UIInterfaceOrientationPortraitUpsideDown UIInterfaceOrientationLandscapeLeft UIInterfaceOrientationLandscapeRight";
				INFOPLIST_KEY_UISupportedInterfaceOrientations_iPhone = "UIInterfaceOrientationPortrait UIInterfaceOrientationLandscapeLeft UIInterfaceOrientationLandscapeRight";
				LD_RUNPATH_SEARCH_PATHS = (
					"$(inherited)",
					"@executable_path/Frameworks",
				);
				MARKETING_VERSION = 1.0;
				PRODUCT_BUNDLE_IDENTIFIER = "alencarApps.tennis-league";
				PRODUCT_NAME = "$(TARGET_NAME)";
				SWIFT_EMIT_LOC_STRINGS = YES;
				SWIFT_VERSION = 5.0;
				TARGETED_DEVICE_FAMILY = "1,2";
			};
			name = Debug;
		};
		12ADC1E62B950778005D93AF /* Release */ = {
			isa = XCBuildConfiguration;
			buildSettings = {
				ASSETCATALOG_COMPILER_APPICON_NAME = AppIcon;
				ASSETCATALOG_COMPILER_GLOBAL_ACCENT_COLOR_NAME = AccentColor;
				CODE_SIGN_STYLE = Automatic;
				CURRENT_PROJECT_VERSION = 1;
				DEVELOPMENT_TEAM = ALF79554Y6;
				GENERATE_INFOPLIST_FILE = YES;
				INFOPLIST_FILE = "tennis-league/Info.plist";
				INFOPLIST_KEY_UIApplicationSupportsIndirectInputEvents = YES;
				INFOPLIST_KEY_UILaunchStoryboardName = LaunchScreen;
				INFOPLIST_KEY_UIMainStoryboardFile = Main;
				INFOPLIST_KEY_UISupportedInterfaceOrientations_iPad = "UIInterfaceOrientationPortrait UIInterfaceOrientationPortraitUpsideDown UIInterfaceOrientationLandscapeLeft UIInterfaceOrientationLandscapeRight";
				INFOPLIST_KEY_UISupportedInterfaceOrientations_iPhone = "UIInterfaceOrientationPortrait UIInterfaceOrientationLandscapeLeft UIInterfaceOrientationLandscapeRight";
				LD_RUNPATH_SEARCH_PATHS = (
					"$(inherited)",
					"@executable_path/Frameworks",
				);
				MARKETING_VERSION = 1.0;
				PRODUCT_BUNDLE_IDENTIFIER = "alencarApps.tennis-league";
				PRODUCT_NAME = "$(TARGET_NAME)";
				SWIFT_EMIT_LOC_STRINGS = YES;
				SWIFT_VERSION = 5.0;
				TARGETED_DEVICE_FAMILY = "1,2";
			};
			name = Release;
		};
		12ADC1E82B950778005D93AF /* Debug */ = {
			isa = XCBuildConfiguration;
			buildSettings = {
				ALWAYS_EMBED_SWIFT_STANDARD_LIBRARIES = YES;
				BUNDLE_LOADER = "$(TEST_HOST)";
				CODE_SIGN_STYLE = Automatic;
				CURRENT_PROJECT_VERSION = 1;
				DEVELOPMENT_TEAM = ALF79554Y6;
				GENERATE_INFOPLIST_FILE = YES;
				IPHONEOS_DEPLOYMENT_TARGET = 16.4;
				MARKETING_VERSION = 1.0;
				PRODUCT_BUNDLE_IDENTIFIER = "alencarApps.tennis-leagueTests";
				PRODUCT_NAME = "$(TARGET_NAME)";
				SWIFT_EMIT_LOC_STRINGS = NO;
				SWIFT_VERSION = 5.0;
				TARGETED_DEVICE_FAMILY = "1,2";
				TEST_HOST = "$(BUILT_PRODUCTS_DIR)/tennis-league.app/$(BUNDLE_EXECUTABLE_FOLDER_PATH)/tennis-league";
			};
			name = Debug;
		};
		12ADC1E92B950778005D93AF /* Release */ = {
			isa = XCBuildConfiguration;
			buildSettings = {
				ALWAYS_EMBED_SWIFT_STANDARD_LIBRARIES = YES;
				BUNDLE_LOADER = "$(TEST_HOST)";
				CODE_SIGN_STYLE = Automatic;
				CURRENT_PROJECT_VERSION = 1;
				DEVELOPMENT_TEAM = ALF79554Y6;
				GENERATE_INFOPLIST_FILE = YES;
				IPHONEOS_DEPLOYMENT_TARGET = 16.4;
				MARKETING_VERSION = 1.0;
				PRODUCT_BUNDLE_IDENTIFIER = "alencarApps.tennis-leagueTests";
				PRODUCT_NAME = "$(TARGET_NAME)";
				SWIFT_EMIT_LOC_STRINGS = NO;
				SWIFT_VERSION = 5.0;
				TARGETED_DEVICE_FAMILY = "1,2";
				TEST_HOST = "$(BUILT_PRODUCTS_DIR)/tennis-league.app/$(BUNDLE_EXECUTABLE_FOLDER_PATH)/tennis-league";
			};
			name = Release;
		};
		12ADC1EB2B950778005D93AF /* Debug */ = {
			isa = XCBuildConfiguration;
			buildSettings = {
				ALWAYS_EMBED_SWIFT_STANDARD_LIBRARIES = YES;
				CODE_SIGN_STYLE = Automatic;
				CURRENT_PROJECT_VERSION = 1;
				DEVELOPMENT_TEAM = ALF79554Y6;
				GENERATE_INFOPLIST_FILE = YES;
				MARKETING_VERSION = 1.0;
				PRODUCT_BUNDLE_IDENTIFIER = "alencarApps.tennis-leagueUITests";
				PRODUCT_NAME = "$(TARGET_NAME)";
				SWIFT_EMIT_LOC_STRINGS = NO;
				SWIFT_VERSION = 5.0;
				TARGETED_DEVICE_FAMILY = "1,2";
				TEST_TARGET_NAME = "tennis-league";
			};
			name = Debug;
		};
		12ADC1EC2B950778005D93AF /* Release */ = {
			isa = XCBuildConfiguration;
			buildSettings = {
				ALWAYS_EMBED_SWIFT_STANDARD_LIBRARIES = YES;
				CODE_SIGN_STYLE = Automatic;
				CURRENT_PROJECT_VERSION = 1;
				DEVELOPMENT_TEAM = ALF79554Y6;
				GENERATE_INFOPLIST_FILE = YES;
				MARKETING_VERSION = 1.0;
				PRODUCT_BUNDLE_IDENTIFIER = "alencarApps.tennis-leagueUITests";
				PRODUCT_NAME = "$(TARGET_NAME)";
				SWIFT_EMIT_LOC_STRINGS = NO;
				SWIFT_VERSION = 5.0;
				TARGETED_DEVICE_FAMILY = "1,2";
				TEST_TARGET_NAME = "tennis-league";
			};
			name = Release;
		};
/* End XCBuildConfiguration section */

/* Begin XCConfigurationList section */
		12ADC1B52B950777005D93AF /* Build configuration list for PBXProject "tennis-league" */ = {
			isa = XCConfigurationList;
			buildConfigurations = (
				12ADC1E22B950778005D93AF /* Debug */,
				12ADC1E32B950778005D93AF /* Release */,
			);
			defaultConfigurationIsVisible = 0;
			defaultConfigurationName = Release;
		};
		12ADC1E42B950778005D93AF /* Build configuration list for PBXNativeTarget "tennis-league" */ = {
			isa = XCConfigurationList;
			buildConfigurations = (
				12ADC1E52B950778005D93AF /* Debug */,
				12ADC1E62B950778005D93AF /* Release */,
			);
			defaultConfigurationIsVisible = 0;
			defaultConfigurationName = Release;
		};
		12ADC1E72B950778005D93AF /* Build configuration list for PBXNativeTarget "tennis-leagueTests" */ = {
			isa = XCConfigurationList;
			buildConfigurations = (
				12ADC1E82B950778005D93AF /* Debug */,
				12ADC1E92B950778005D93AF /* Release */,
			);
			defaultConfigurationIsVisible = 0;
			defaultConfigurationName = Release;
		};
		12ADC1EA2B950778005D93AF /* Build configuration list for PBXNativeTarget "tennis-leagueUITests" */ = {
			isa = XCConfigurationList;
			buildConfigurations = (
				12ADC1EB2B950778005D93AF /* Debug */,
				12ADC1EC2B950778005D93AF /* Release */,
			);
			defaultConfigurationIsVisible = 0;
			defaultConfigurationName = Release;
		};
/* End XCConfigurationList section */
	};
	rootObject = 12ADC1B22B950777005D93AF /* Project object */;
}
