// !$*UTF8*$!
{
	archiveVersion = 1;
	classes = {
	};
	objectVersion = 54;
	objects = {

/* Begin PBXBuildFile section */
		2C13CC7D690FB354F05AC88F /* GamesViewController.swift in Sources */ = {isa = PBXBuildFile; fileRef = 43B4FBAA218EC3D9B8458C1D /* GamesViewController.swift */; };
		31BCBDA39B26741C7F4FCFF4 /* AppDelegate.swift in Sources */ = {isa = PBXBuildFile; fileRef = ABF453E38C130CFD80A0179D /* AppDelegate.swift */; };
		638B641F8A771341F19E8D38 /* SceneDelegate.swift in Sources */ = {isa = PBXBuildFile; fileRef = 2C783765222BA5A753D9A02F /* SceneDelegate.swift */; };
		CF41D6BDEF52B94611EF1386 /* Assets.xcassets in Resources */ = {isa = PBXBuildFile; fileRef = 2FD9D10A04601C17F9CAD48E /* Assets.xcassets */; };
		EB3B787C8E81034437353EA4 /* LaunchScreen.storyboard in Resources */ = {isa = PBXBuildFile; fileRef = 37CA92A6EB7EEAACE870929E /* LaunchScreen.storyboard */; };
/* End PBXBuildFile section */

/* Begin PBXFileReference section */
		2C783765222BA5A753D9A02F /* SceneDelegate.swift */ = {isa = PBXFileReference; lastKnownFileType = sourcecode.swift; path = SceneDelegate.swift; sourceTree = "<group>"; };
		2FD9D10A04601C17F9CAD48E /* Assets.xcassets */ = {isa = PBXFileReference; lastKnownFileType = folder.assetcatalog; path = Assets.xcassets; sourceTree = "<group>"; };
		3298543B4A5B4D4A92EEFFA2 /* Info.plist */ = {isa = PBXFileReference; lastKnownFileType = text.plist; path = Info.plist; sourceTree = "<group>"; };
		43B4FBAA218EC3D9B8458C1D /* GamesViewController.swift */ = {isa = PBXFileReference; lastKnownFileType = sourcecode.swift; path = GamesViewController.swift; sourceTree = "<group>"; };
		94CDFDCB1CB382161B0D85FC /* tennis-league.app */ = {isa = PBXFileReference; includeInIndex = 0; lastKnownFileType = wrapper.application; path = "tennis-league.app"; sourceTree = BUILT_PRODUCTS_DIR; };
		ABF453E38C130CFD80A0179D /* AppDelegate.swift */ = {isa = PBXFileReference; lastKnownFileType = sourcecode.swift; path = AppDelegate.swift; sourceTree = "<group>"; };
		DBA1A4BE1023605B32EAF672 /* Base */ = {isa = PBXFileReference; lastKnownFileType = file.storyboard; name = Base; path = Base.lproj/LaunchScreen.storyboard; sourceTree = "<group>"; };
/* End PBXFileReference section */

/* Begin PBXGroup section */
		08864CBD6E1B42F2CF60E3C8 /* Application */ = {
			isa = PBXGroup;
			children = (
				ABF453E38C130CFD80A0179D /* AppDelegate.swift */,
				37CA92A6EB7EEAACE870929E /* LaunchScreen.storyboard */,
				2C783765222BA5A753D9A02F /* SceneDelegate.swift */,
			);
			path = Application;
			sourceTree = "<group>";
		};
		40336E9A2EA930EB43658219 /* Products */ = {
			isa = PBXGroup;
			children = (
				94CDFDCB1CB382161B0D85FC /* tennis-league.app */,
			);
			name = Products;
			sourceTree = "<group>";
		};
		5880911EC0E38C6834B5724F /* Resources */ = {
			isa = PBXGroup;
			children = (
				2FD9D10A04601C17F9CAD48E /* Assets.xcassets */,
			);
			path = Resources;
			sourceTree = "<group>";
		};
		6EF0D1114DBED2866C12B82E /* tennis-league */ = {
			isa = PBXGroup;
			children = (
				3298543B4A5B4D4A92EEFFA2 /* Info.plist */,
				08864CBD6E1B42F2CF60E3C8 /* Application */,
				5880911EC0E38C6834B5724F /* Resources */,
				9758EF91E303A16A36FE6657 /* Sources */,
			);
			path = "tennis-league";
			sourceTree = "<group>";
		};
		718940DF6A7A42D01D4427D1 /* Scene */ = {
			isa = PBXGroup;
			children = (
				930D53958C1A535342E9E6E8 /* Games */,
			);
			path = Scene;
			sourceTree = "<group>";
		};
		89A39236EC47310D6E60972A = {
			isa = PBXGroup;
			children = (
				6EF0D1114DBED2866C12B82E /* tennis-league */,
				40336E9A2EA930EB43658219 /* Products */,
			);
			sourceTree = "<group>";
		};
		930D53958C1A535342E9E6E8 /* Games */ = {
			isa = PBXGroup;
			children = (
				43B4FBAA218EC3D9B8458C1D /* GamesViewController.swift */,
			);
			path = Games;
			sourceTree = "<group>";
		};
		9758EF91E303A16A36FE6657 /* Sources */ = {
			isa = PBXGroup;
			children = (
				718940DF6A7A42D01D4427D1 /* Scene */,
			);
			path = Sources;
			sourceTree = "<group>";
		};
		"TEMP_0E003862-3C48-479B-AADF-B3EE8A83A222" /* Scenes */ = {
			isa = PBXGroup;
			children = (
			);
			path = Scenes;
			sourceTree = "<group>";
		};
/* End PBXGroup section */

/* Begin PBXNativeTarget section */
		698D30ECD60F5E6564457B1F /* tennis-league */ = {
			isa = PBXNativeTarget;
			buildConfigurationList = C5D73ED56875A9F906F09E27 /* Build configuration list for PBXNativeTarget "tennis-league" */;
			buildPhases = (
				12709A8037B3F8417534B335 /* Sources */,
				CB529607333C65136B4603A4 /* Resources */,
			);
			buildRules = (
			);
			dependencies = (
			);
			name = "tennis-league";
			productName = "tennis-league";
			productReference = 94CDFDCB1CB382161B0D85FC /* tennis-league.app */;
			productType = "com.apple.product-type.application";
		};
/* End PBXNativeTarget section */

/* Begin PBXProject section */
		4CAF684BA95F55F56EB29A21 /* Project object */ = {
			isa = PBXProject;
			attributes = {
				BuildIndependentTargetsInParallel = YES;
				LastUpgradeCheck = 9999;
				TargetAttributes = {
				};
			};
			buildConfigurationList = B38CF6AC88A7E051629C1EDB /* Build configuration list for PBXProject "tennis-league" */;
			compatibilityVersion = "Xcode 14.0";
			developmentRegion = en;
			hasScannedForEncodings = 0;
			knownRegions = (
				Base,
				en,
			);
			mainGroup = 89A39236EC47310D6E60972A;
			projectDirPath = "";
			projectRoot = "";
			targets = (
				698D30ECD60F5E6564457B1F /* tennis-league */,
			);
		};
/* End PBXProject section */

/* Begin PBXResourcesBuildPhase section */
		CB529607333C65136B4603A4 /* Resources */ = {
			isa = PBXResourcesBuildPhase;
			buildActionMask = 2147483647;
			files = (
				CF41D6BDEF52B94611EF1386 /* Assets.xcassets in Resources */,
				EB3B787C8E81034437353EA4 /* LaunchScreen.storyboard in Resources */,
			);
			runOnlyForDeploymentPostprocessing = 0;
		};
/* End PBXResourcesBuildPhase section */

/* Begin PBXSourcesBuildPhase section */
		12709A8037B3F8417534B335 /* Sources */ = {
			isa = PBXSourcesBuildPhase;
			buildActionMask = 2147483647;
			files = (
				31BCBDA39B26741C7F4FCFF4 /* AppDelegate.swift in Sources */,
				2C13CC7D690FB354F05AC88F /* GamesViewController.swift in Sources */,
				638B641F8A771341F19E8D38 /* SceneDelegate.swift in Sources */,
			);
			runOnlyForDeploymentPostprocessing = 0;
		};
/* End PBXSourcesBuildPhase section */

/* Begin PBXVariantGroup section */
		37CA92A6EB7EEAACE870929E /* LaunchScreen.storyboard */ = {
			isa = PBXVariantGroup;
			children = (
				DBA1A4BE1023605B32EAF672 /* Base */,
			);
			name = LaunchScreen.storyboard;
			sourceTree = "<group>";
		};
/* End PBXVariantGroup section */

/* Begin XCBuildConfiguration section */
		6048367FD6DD761F87AAC0F2 /* Debug */ = {
			isa = XCBuildConfiguration;
			buildSettings = {
				ASSETCATALOG_COMPILER_APPICON_NAME = AppIcon;
				CODE_SIGN_IDENTITY = "iPhone Developer";
				CURRENT_PROJECT_VERSION = 1;
				INFOPLIST_FILE = "tennis-league/Info.plist";
				LD_RUNPATH_SEARCH_PATHS = (
					"$(inherited)",
					"@executable_path/Frameworks",
				);
				PRODUCT_BUNDLE_IDENTIFIER = "alencarApps.tennis-league";
				SDKROOT = iphoneos;
				TARGETED_DEVICE_FAMILY = "1,2";
			};
			name = Debug;
		};
		A59CAFE3FC4DED065774EE95 /* Release */ = {
			isa = XCBuildConfiguration;
			buildSettings = {
				ALWAYS_EMBED_SWIFT_STANDARD_LIBRARIES = YES;
				ALWAYS_SEARCH_USER_PATHS = NO;
				CLANG_ANALYZER_NONNULL = YES;
				CLANG_ANALYZER_NUMBER_OBJECT_CONVERSION = YES_AGGRESSIVE;
				CLANG_CXX_LANGUAGE_STANDARD = "gnu++14";
				CLANG_CXX_LIBRARY = "libc++";
				CLANG_ENABLE_MODULES = YES;
				CLANG_ENABLE_OBJC_ARC = YES;
				CLANG_ENABLE_OBJC_WEAK = YES;
				CLANG_WARN_BLOCK_CAPTURE_AUTORELEASING = YES;
				CLANG_WARN_BOOL_CONVERSION = YES;
				CLANG_WARN_COMMA = YES;
				CLANG_WARN_CONSTANT_CONVERSION = YES;
				CLANG_WARN_DEPRECATED_OBJC_IMPLEMENTATIONS = YES;
				CLANG_WARN_DIRECT_OBJC_ISA_USAGE = YES_ERROR;
				CLANG_WARN_DOCUMENTATION_COMMENTS = YES;
				CLANG_WARN_EMPTY_BODY = YES;
				CLANG_WARN_ENUM_CONVERSION = YES;
				CLANG_WARN_INFINITE_RECURSION = YES;
				CLANG_WARN_INT_CONVERSION = YES;
				CLANG_WARN_NON_LITERAL_NULL_CONVERSION = YES;
				CLANG_WARN_OBJC_IMPLICIT_RETAIN_SELF = YES;
				CLANG_WARN_OBJC_LITERAL_CONVERSION = YES;
				CLANG_WARN_OBJC_ROOT_CLASS = YES_ERROR;
				CLANG_WARN_QUOTED_INCLUDE_IN_FRAMEWORK_HEADER = YES;
				CLANG_WARN_RANGE_LOOP_ANALYSIS = YES;
				CLANG_WARN_STRICT_PROTOTYPES = YES;
				CLANG_WARN_SUSPICIOUS_MOVE = YES;
				CLANG_WARN_UNGUARDED_AVAILABILITY = YES_AGGRESSIVE;
				CLANG_WARN_UNREACHABLE_CODE = YES;
				CLANG_WARN__DUPLICATE_METHOD_MATCH = YES;
				COPY_PHASE_STRIP = NO;
				DEBUG_INFORMATION_FORMAT = "dwarf-with-dsym";
				ENABLE_NS_ASSERTIONS = NO;
				ENABLE_STRICT_OBJC_MSGSEND = YES;
				GCC_C_LANGUAGE_STANDARD = gnu11;
				GCC_NO_COMMON_BLOCKS = YES;
				GCC_WARN_64_TO_32_BIT_CONVERSION = YES;
				GCC_WARN_ABOUT_RETURN_TYPE = YES_ERROR;
				GCC_WARN_UNDECLARED_SELECTOR = YES;
				GCC_WARN_UNINITIALIZED_AUTOS = YES_AGGRESSIVE;
				GCC_WARN_UNUSED_FUNCTION = YES;
				GCC_WARN_UNUSED_VARIABLE = YES;
				IPHONEOS_DEPLOYMENT_TARGET = 14.5;
				MARKETING_VERSION = 1.0.0;
				MTL_ENABLE_DEBUG_INFO = NO;
				MTL_FAST_MATH = YES;
				PRODUCT_NAME = "$(TARGET_NAME)";
				SDKROOT = iphoneos;
				SWIFT_COMPILATION_MODE = wholemodule;
				SWIFT_OPTIMIZATION_LEVEL = "-O";
				SWIFT_VERSION = 5.0;
			};
			name = Release;
		};
		E854893DCE5A9E6BD3F2A3FA /* Debug */ = {
			isa = XCBuildConfiguration;
			buildSettings = {
				ALWAYS_EMBED_SWIFT_STANDARD_LIBRARIES = YES;
				ALWAYS_SEARCH_USER_PATHS = NO;
				CLANG_ANALYZER_NONNULL = YES;
				CLANG_ANALYZER_NUMBER_OBJECT_CONVERSION = YES_AGGRESSIVE;
				CLANG_CXX_LANGUAGE_STANDARD = "gnu++14";
				CLANG_CXX_LIBRARY = "libc++";
				CLANG_ENABLE_MODULES = YES;
				CLANG_ENABLE_OBJC_ARC = YES;
				CLANG_ENABLE_OBJC_WEAK = YES;
				CLANG_WARN_BLOCK_CAPTURE_AUTORELEASING = YES;
				CLANG_WARN_BOOL_CONVERSION = YES;
				CLANG_WARN_COMMA = YES;
				CLANG_WARN_CONSTANT_CONVERSION = YES;
				CLANG_WARN_DEPRECATED_OBJC_IMPLEMENTATIONS = YES;
				CLANG_WARN_DIRECT_OBJC_ISA_USAGE = YES_ERROR;
				CLANG_WARN_DOCUMENTATION_COMMENTS = YES;
				CLANG_WARN_EMPTY_BODY = YES;
				CLANG_WARN_ENUM_CONVERSION = YES;
				CLANG_WARN_INFINITE_RECURSION = YES;
				CLANG_WARN_INT_CONVERSION = YES;
				CLANG_WARN_NON_LITERAL_NULL_CONVERSION = YES;
				CLANG_WARN_OBJC_IMPLICIT_RETAIN_SELF = YES;
				CLANG_WARN_OBJC_LITERAL_CONVERSION = YES;
				CLANG_WARN_OBJC_ROOT_CLASS = YES_ERROR;
				CLANG_WARN_QUOTED_INCLUDE_IN_FRAMEWORK_HEADER = YES;
				CLANG_WARN_RANGE_LOOP_ANALYSIS = YES;
				CLANG_WARN_STRICT_PROTOTYPES = YES;
				CLANG_WARN_SUSPICIOUS_MOVE = YES;
				CLANG_WARN_UNGUARDED_AVAILABILITY = YES_AGGRESSIVE;
				CLANG_WARN_UNREACHABLE_CODE = YES;
				CLANG_WARN__DUPLICATE_METHOD_MATCH = YES;
				COPY_PHASE_STRIP = NO;
				DEBUG_INFORMATION_FORMAT = dwarf;
				ENABLE_STRICT_OBJC_MSGSEND = YES;
				ENABLE_TESTABILITY = YES;
				GCC_C_LANGUAGE_STANDARD = gnu11;
				GCC_DYNAMIC_NO_PIC = NO;
				GCC_NO_COMMON_BLOCKS = YES;
				GCC_OPTIMIZATION_LEVEL = 0;
				GCC_PREPROCESSOR_DEFINITIONS = (
					"$(inherited)",
					"DEBUG=1",
				);
				GCC_WARN_64_TO_32_BIT_CONVERSION = YES;
				GCC_WARN_ABOUT_RETURN_TYPE = YES_ERROR;
				GCC_WARN_UNDECLARED_SELECTOR = YES;
				GCC_WARN_UNINITIALIZED_AUTOS = YES_AGGRESSIVE;
				GCC_WARN_UNUSED_FUNCTION = YES;
				GCC_WARN_UNUSED_VARIABLE = YES;
				IPHONEOS_DEPLOYMENT_TARGET = 14.5;
				MARKETING_VERSION = 1.0.0;
				MTL_ENABLE_DEBUG_INFO = INCLUDE_SOURCE;
				MTL_FAST_MATH = YES;
				ONLY_ACTIVE_ARCH = YES;
				PRODUCT_NAME = "$(TARGET_NAME)";
				SDKROOT = iphoneos;
				SWIFT_ACTIVE_COMPILATION_CONDITIONS = DEBUG;
				SWIFT_OPTIMIZATION_LEVEL = "-Onone";
				SWIFT_VERSION = 5.0;
			};
			name = Debug;
		};
		F931B6994606BF63DB99C7F2 /* Release */ = {
			isa = XCBuildConfiguration;
			buildSettings = {
				ASSETCATALOG_COMPILER_APPICON_NAME = AppIcon;
				CODE_SIGN_IDENTITY = "iPhone Developer";
				CURRENT_PROJECT_VERSION = 1;
				INFOPLIST_FILE = "tennis-league/Info.plist";
				LD_RUNPATH_SEARCH_PATHS = (
					"$(inherited)",
					"@executable_path/Frameworks",
				);
				PRODUCT_BUNDLE_IDENTIFIER = "alencarApps.tennis-league";
				SDKROOT = iphoneos;
				TARGETED_DEVICE_FAMILY = "1,2";
			};
			name = Release;
		};
/* End XCBuildConfiguration section */

/* Begin XCConfigurationList section */
		B38CF6AC88A7E051629C1EDB /* Build configuration list for PBXProject "tennis-league" */ = {
			isa = XCConfigurationList;
			buildConfigurations = (
				E854893DCE5A9E6BD3F2A3FA /* Debug */,
				A59CAFE3FC4DED065774EE95 /* Release */,
			);
			defaultConfigurationIsVisible = 0;
			defaultConfigurationName = Debug;
		};
		C5D73ED56875A9F906F09E27 /* Build configuration list for PBXNativeTarget "tennis-league" */ = {
			isa = XCConfigurationList;
			buildConfigurations = (
				6048367FD6DD761F87AAC0F2 /* Debug */,
				F931B6994606BF63DB99C7F2 /* Release */,
			);
			defaultConfigurationIsVisible = 0;
			defaultConfigurationName = Debug;
		};
/* End XCConfigurationList section */
	};
	rootObject = 4CAF684BA95F55F56EB29A21 /* Project object */;
}
